
Microsoft Visual Studio Solution File, Format Version 11.00
# Visual Studio 2010
Project("{FAE04EC0-301F-11D3-BF4B-00C04F79EFBC}") = "Roald.Sql", "Roald.Sql.csproj", "{AF0C4CDB-0F4E-49B6-888D-A45EAEF2142D}"
EndProject
Global
	GlobalSection(SolutionConfigurationPlatforms) = preSolution
		Debug|Any CPU = Debug|Any CPU
		Release|Any CPU = Release|Any CPU
	EndGlobalSection
	GlobalSection(ProjectConfigurationPlatforms) = postSolution
		{AF0C4CDB-0F4E-49B6-888D-A45EAEF2142D}.Debug|Any CPU.ActiveCfg = Debug|Any CPU
		{AF0C4CDB-0F4E-49B6-888D-A45EAEF2142D}.Debug|Any CPU.Build.0 = Debug|Any CPU
		{AF0C4CDB-0F4E-49B6-888D-A45EAEF2142D}.Release|Any CPU.ActiveCfg = Release|Any CPU
		{AF0C4CDB-0F4E-49B6-888D-A45EAEF2142D}.Release|Any CPU.Build.0 = Release|Any CPU
	EndGlobalSection
	GlobalSection(SolutionProperties) = preSolution
		HideSolutionNode = FALSE
	EndGlobalSection
EndGlobal
